
Microsoft Visual Studio Solution File, Format Version 12.00
# Visual Studio Version 17
VisualStudioVersion = 17.6.33723.286
MinimumVisualStudioVersion = 10.0.40219.1
Project("{FAE04EC0-301F-11D3-BF4B-00C04F79EFBC}") = "Lagi", "Lagi\Lagi.csproj", "{FFCA5570-FCFA-4D2C-A16F-3159F7612E83}"
EndProject
Global
	GlobalSection(SolutionConfigurationPlatforms) = preSolution
		Debug|Any CPU = Debug|Any CPU
		Release|Any CPU = Release|Any CPU
	EndGlobalSection
	GlobalSection(ProjectConfigurationPlatforms) = postSolution
		{FFCA5570-FCFA-4D2C-A16F-3159F7612E83}.Debug|Any CPU.ActiveCfg = Debug|Any CPU
		{FFCA5570-FCFA-4D2C-A16F-3159F7612E83}.Debug|Any CPU.Build.0 = Debug|Any CPU
		{FFCA5570-FCFA-4D2C-A16F-3159F7612E83}.Release|Any CPU.ActiveCfg = Release|Any CPU
		{FFCA5570-FCFA-4D2C-A16F-3159F7612E83}.Release|Any CPU.Build.0 = Release|Any CPU
	EndGlobalSection
	GlobalSection(SolutionProperties) = preSolution
		HideSolutionNode = FALSE
	EndGlobalSection
	GlobalSection(ExtensibilityGlobals) = postSolution
		SolutionGuid = {A3CEF757-75BB-4638-9511-D096998D8402}
	EndGlobalSection
EndGlobal
